
Microsoft Visual Studio Solution File, Format Version 12.00
# Visual Studio 2012
Project("{FAE04EC0-301F-11D3-BF4B-00C04F79EFBC}") = "LedControler", "Demo\LedControler.csproj", "{3E7D5E51-FF46-4F31-A931-12D20C0CFADD}"
EndProject
Project("{FAE04EC0-301F-11D3-BF4B-00C04F79EFBC}") = "websocket-sharp", "websocket-sharp\websocket-sharp.csproj", "{B357BAC7-529E-4D81-A0D2-71041B19C8DE}"
EndProject
Global
	GlobalSection(SolutionConfigurationPlatforms) = preSolution
		Debug_Ubuntu|Any CPU = Debug_Ubuntu|Any CPU
		Debug|Any CPU = Debug|Any CPU
		Release_Ubuntu|Any CPU = Release_Ubuntu|Any CPU
		Release|Any CPU = Release|Any CPU
	EndGlobalSection
	GlobalSection(ProjectConfigurationPlatforms) = postSolution
		{3E7D5E51-FF46-4F31-A931-12D20C0CFADD}.Debug_Ubuntu|Any CPU.ActiveCfg = Debug|Any CPU
		{3E7D5E51-FF46-4F31-A931-12D20C0CFADD}.Debug_Ubuntu|Any CPU.Build.0 = Debug|Any CPU
		{3E7D5E51-FF46-4F31-A931-12D20C0CFADD}.Debug|Any CPU.ActiveCfg = Debug|Any CPU
		{3E7D5E51-FF46-4F31-A931-12D20C0CFADD}.Debug|Any CPU.Build.0 = Debug|Any CPU
		{3E7D5E51-FF46-4F31-A931-12D20C0CFADD}.Release_Ubuntu|Any CPU.ActiveCfg = Release|Any CPU
		{3E7D5E51-FF46-4F31-A931-12D20C0CFADD}.Release_Ubuntu|Any CPU.Build.0 = Release|Any CPU
		{3E7D5E51-FF46-4F31-A931-12D20C0CFADD}.Release|Any CPU.ActiveCfg = Release|Any CPU
		{3E7D5E51-FF46-4F31-A931-12D20C0CFADD}.Release|Any CPU.Build.0 = Release|Any CPU
		{B357BAC7-529E-4D81-A0D2-71041B19C8DE}.Debug_Ubuntu|Any CPU.ActiveCfg = Debug_Ubuntu|Any CPU
		{B357BAC7-529E-4D81-A0D2-71041B19C8DE}.Debug_Ubuntu|Any CPU.Build.0 = Debug_Ubuntu|Any CPU
		{B357BAC7-529E-4D81-A0D2-71041B19C8DE}.Debug|Any CPU.ActiveCfg = Debug|Any CPU
		{B357BAC7-529E-4D81-A0D2-71041B19C8DE}.Debug|Any CPU.Build.0 = Debug|Any CPU
		{B357BAC7-529E-4D81-A0D2-71041B19C8DE}.Release_Ubuntu|Any CPU.ActiveCfg = Release_Ubuntu|Any CPU
		{B357BAC7-529E-4D81-A0D2-71041B19C8DE}.Release_Ubuntu|Any CPU.Build.0 = Release_Ubuntu|Any CPU
		{B357BAC7-529E-4D81-A0D2-71041B19C8DE}.Release|Any CPU.ActiveCfg = Release|Any CPU
		{B357BAC7-529E-4D81-A0D2-71041B19C8DE}.Release|Any CPU.Build.0 = Release|Any CPU
	EndGlobalSection
	GlobalSection(SolutionProperties) = preSolution
		HideSolutionNode = FALSE
	EndGlobalSection
EndGlobal
