
Microsoft Visual Studio Solution File, Format Version 10.00
# Visual Studio 2008
Project("{FAE04EC0-301F-11D3-BF4B-00C04F79EFBC}") = "LedControler", "Demo\LedControler.csproj", "{3E7D5E51-FF46-4F31-A931-12D20C0CFADD}"
EndProject
Global
	GlobalSection(SolutionConfigurationPlatforms) = preSolution
		Debug|Any CPU = Debug|Any CPU
		Release|Any CPU = Release|Any CPU
	EndGlobalSection
	GlobalSection(ProjectConfigurationPlatforms) = postSolution
		{3E7D5E51-FF46-4F31-A931-12D20C0CFADD}.Debug|Any CPU.ActiveCfg = Debug|Any CPU
		{3E7D5E51-FF46-4F31-A931-12D20C0CFADD}.Debug|Any CPU.Build.0 = Debug|Any CPU
		{3E7D5E51-FF46-4F31-A931-12D20C0CFADD}.Release|Any CPU.ActiveCfg = Release|Any CPU
		{3E7D5E51-FF46-4F31-A931-12D20C0CFADD}.Release|Any CPU.Build.0 = Release|Any CPU
	EndGlobalSection
	GlobalSection(SolutionProperties) = preSolution
		HideSolutionNode = FALSE
	EndGlobalSection
EndGlobal
